
Microsoft Visual Studio Solution File, Format Version 12.00
# Visual Studio Version 17
VisualStudioVersion = 17.13.35818.85
MinimumVisualStudioVersion = 10.0.40219.1
Project("{FAE04EC0-301F-11D3-BF4B-00C04F79EFBC}") = "WinFormsApp1", "WinFormsApp1\WinFormsApp1.csproj", "{5CB4F19B-DDF3-4AAA-8ABC-FB6D37F99689}"
EndProject
Project("{FAE04EC0-301F-11D3-BF4B-00C04F79EFBC}") = "IO.Swagger", "..\ALL-clientes-open-api\v5-cliente-openapi\src\IO.Swagger\IO.Swagger.csproj", "{9294B997-6AAC-1FAC-E2FA-3BDBBBCA6FAB}"
EndProject
Project("{FAE04EC0-301F-11D3-BF4B-00C04F79EFBC}") = "IO.Swagger.Test", "..\ALL-clientes-open-api\v5-cliente-openapi\src\IO.Swagger.Test\IO.Swagger.Test.csproj", "{ED839A6A-A0FB-5EBE-866F-A8A29334C86B}"
EndProject
Global
	GlobalSection(SolutionConfigurationPlatforms) = preSolution
		Debug|Any CPU = Debug|Any CPU
		Release|Any CPU = Release|Any CPU
	EndGlobalSection
	GlobalSection(ProjectConfigurationPlatforms) = postSolution
		{5CB4F19B-DDF3-4AAA-8ABC-FB6D37F99689}.Debug|Any CPU.ActiveCfg = Debug|Any CPU
		{5CB4F19B-DDF3-4AAA-8ABC-FB6D37F99689}.Debug|Any CPU.Build.0 = Debug|Any CPU
		{5CB4F19B-DDF3-4AAA-8ABC-FB6D37F99689}.Release|Any CPU.ActiveCfg = Release|Any CPU
		{5CB4F19B-DDF3-4AAA-8ABC-FB6D37F99689}.Release|Any CPU.Build.0 = Release|Any CPU
		{9294B997-6AAC-1FAC-E2FA-3BDBBBCA6FAB}.Debug|Any CPU.ActiveCfg = Debug|Any CPU
		{9294B997-6AAC-1FAC-E2FA-3BDBBBCA6FAB}.Debug|Any CPU.Build.0 = Debug|Any CPU
		{9294B997-6AAC-1FAC-E2FA-3BDBBBCA6FAB}.Release|Any CPU.ActiveCfg = Release|Any CPU
		{9294B997-6AAC-1FAC-E2FA-3BDBBBCA6FAB}.Release|Any CPU.Build.0 = Release|Any CPU
		{ED839A6A-A0FB-5EBE-866F-A8A29334C86B}.Debug|Any CPU.ActiveCfg = Debug|Any CPU
		{ED839A6A-A0FB-5EBE-866F-A8A29334C86B}.Debug|Any CPU.Build.0 = Debug|Any CPU
		{ED839A6A-A0FB-5EBE-866F-A8A29334C86B}.Release|Any CPU.ActiveCfg = Release|Any CPU
		{ED839A6A-A0FB-5EBE-866F-A8A29334C86B}.Release|Any CPU.Build.0 = Release|Any CPU
	EndGlobalSection
	GlobalSection(SolutionProperties) = preSolution
		HideSolutionNode = FALSE
	EndGlobalSection
	GlobalSection(ExtensibilityGlobals) = postSolution
		SolutionGuid = {E8E97B63-1193-4BA2-AB50-00CC7C2FC631}
	EndGlobalSection
EndGlobal
